
Microsoft Visual Studio Solution File, Format Version 12.00
# Visual Studio Version 16
VisualStudioVersion = 16.0.31410.357
MinimumVisualStudioVersion = 10.0.40219.1
Project("{8BC9CEB8-8B4A-11D0-8D11-00A0C91BC942}") = "GraphDefine", "GraphDefine\GraphDefine.vcxproj", "{688F39FC-6284-473C-8049-B1021525EB95}"
EndProject
Project("{8BC9CEB8-8B4A-11D0-8D11-00A0C91BC942}") = "DFS", "DFS\DFS.vcxproj", "{CFA503C0-91FA-4873-BA41-91148BD31B7F}"
EndProject
Project("{8BC9CEB8-8B4A-11D0-8D11-00A0C91BC942}") = "Dijkstra", "Dijkstra\Dijkstra.vcxproj", "{257729BD-E749-4144-8969-239033A8156D}"
EndProject
Project("{8BC9CEB8-8B4A-11D0-8D11-00A0C91BC942}") = "BFS", "BFS\BFS.vcxproj", "{A80F3856-B83F-4E8A-A302-A3A3C6CCFAA8}"
EndProject
Project("{8BC9CEB8-8B4A-11D0-8D11-00A0C91BC942}") = "Floyd", "Floyd\Floyd.vcxproj", "{F96E758D-4EFA-44E9-B56A-8DCB3B80C4FF}"
EndProject
Project("{8BC9CEB8-8B4A-11D0-8D11-00A0C91BC942}") = "Prim", "Prim\Prim.vcxproj", "{68397809-5CD4-4CE5-9671-F6766360E862}"
EndProject
Global
	GlobalSection(SolutionConfigurationPlatforms) = preSolution
		Debug|x64 = Debug|x64
		Debug|x86 = Debug|x86
		Release|x64 = Release|x64
		Release|x86 = Release|x86
	EndGlobalSection
	GlobalSection(ProjectConfigurationPlatforms) = postSolution
		{688F39FC-6284-473C-8049-B1021525EB95}.Debug|x64.ActiveCfg = Debug|x64
		{688F39FC-6284-473C-8049-B1021525EB95}.Debug|x64.Build.0 = Debug|x64
		{688F39FC-6284-473C-8049-B1021525EB95}.Debug|x86.ActiveCfg = Debug|Win32
		{688F39FC-6284-473C-8049-B1021525EB95}.Debug|x86.Build.0 = Debug|Win32
		{688F39FC-6284-473C-8049-B1021525EB95}.Release|x64.ActiveCfg = Release|x64
		{688F39FC-6284-473C-8049-B1021525EB95}.Release|x64.Build.0 = Release|x64
		{688F39FC-6284-473C-8049-B1021525EB95}.Release|x86.ActiveCfg = Release|Win32
		{688F39FC-6284-473C-8049-B1021525EB95}.Release|x86.Build.0 = Release|Win32
		{CFA503C0-91FA-4873-BA41-91148BD31B7F}.Debug|x64.ActiveCfg = Debug|x64
		{CFA503C0-91FA-4873-BA41-91148BD31B7F}.Debug|x64.Build.0 = Debug|x64
		{CFA503C0-91FA-4873-BA41-91148BD31B7F}.Debug|x86.ActiveCfg = Debug|Win32
		{CFA503C0-91FA-4873-BA41-91148BD31B7F}.Debug|x86.Build.0 = Debug|Win32
		{CFA503C0-91FA-4873-BA41-91148BD31B7F}.Release|x64.ActiveCfg = Release|x64
		{CFA503C0-91FA-4873-BA41-91148BD31B7F}.Release|x64.Build.0 = Release|x64
		{CFA503C0-91FA-4873-BA41-91148BD31B7F}.Release|x86.ActiveCfg = Release|Win32
		{CFA503C0-91FA-4873-BA41-91148BD31B7F}.Release|x86.Build.0 = Release|Win32
		{257729BD-E749-4144-8969-239033A8156D}.Debug|x64.ActiveCfg = Debug|x64
		{257729BD-E749-4144-8969-239033A8156D}.Debug|x64.Build.0 = Debug|x64
		{257729BD-E749-4144-8969-239033A8156D}.Debug|x86.ActiveCfg = Debug|Win32
		{257729BD-E749-4144-8969-239033A8156D}.Debug|x86.Build.0 = Debug|Win32
		{257729BD-E749-4144-8969-239033A8156D}.Release|x64.ActiveCfg = Release|x64
		{257729BD-E749-4144-8969-239033A8156D}.Release|x64.Build.0 = Release|x64
		{257729BD-E749-4144-8969-239033A8156D}.Release|x86.ActiveCfg = Release|Win32
		{257729BD-E749-4144-8969-239033A8156D}.Release|x86.Build.0 = Release|Win32
		{A80F3856-B83F-4E8A-A302-A3A3C6CCFAA8}.Debug|x64.ActiveCfg = Debug|x64
		{A80F3856-B83F-4E8A-A302-A3A3C6CCFAA8}.Debug|x64.Build.0 = Debug|x64
		{A80F3856-B83F-4E8A-A302-A3A3C6CCFAA8}.Debug|x86.ActiveCfg = Debug|Win32
		{A80F3856-B83F-4E8A-A302-A3A3C6CCFAA8}.Debug|x86.Build.0 = Debug|Win32
		{A80F3856-B83F-4E8A-A302-A3A3C6CCFAA8}.Release|x64.ActiveCfg = Release|x64
		{A80F3856-B83F-4E8A-A302-A3A3C6CCFAA8}.Release|x64.Build.0 = Release|x64
		{A80F3856-B83F-4E8A-A302-A3A3C6CCFAA8}.Release|x86.ActiveCfg = Release|Win32
		{A80F3856-B83F-4E8A-A302-A3A3C6CCFAA8}.Release|x86.Build.0 = Release|Win32
		{F96E758D-4EFA-44E9-B56A-8DCB3B80C4FF}.Debug|x64.ActiveCfg = Debug|x64
		{F96E758D-4EFA-44E9-B56A-8DCB3B80C4FF}.Debug|x64.Build.0 = Debug|x64
		{F96E758D-4EFA-44E9-B56A-8DCB3B80C4FF}.Debug|x86.ActiveCfg = Debug|Win32
		{F96E758D-4EFA-44E9-B56A-8DCB3B80C4FF}.Debug|x86.Build.0 = Debug|Win32
		{F96E758D-4EFA-44E9-B56A-8DCB3B80C4FF}.Release|x64.ActiveCfg = Release|x64
		{F96E758D-4EFA-44E9-B56A-8DCB3B80C4FF}.Release|x64.Build.0 = Release|x64
		{F96E758D-4EFA-44E9-B56A-8DCB3B80C4FF}.Release|x86.ActiveCfg = Release|Win32
		{F96E758D-4EFA-44E9-B56A-8DCB3B80C4FF}.Release|x86.Build.0 = Release|Win32
		{68397809-5CD4-4CE5-9671-F6766360E862}.Debug|x64.ActiveCfg = Debug|x64
		{68397809-5CD4-4CE5-9671-F6766360E862}.Debug|x64.Build.0 = Debug|x64
		{68397809-5CD4-4CE5-9671-F6766360E862}.Debug|x86.ActiveCfg = Debug|Win32
		{68397809-5CD4-4CE5-9671-F6766360E862}.Debug|x86.Build.0 = Debug|Win32
		{68397809-5CD4-4CE5-9671-F6766360E862}.Release|x64.ActiveCfg = Release|x64
		{68397809-5CD4-4CE5-9671-F6766360E862}.Release|x64.Build.0 = Release|x64
		{68397809-5CD4-4CE5-9671-F6766360E862}.Release|x86.ActiveCfg = Release|Win32
		{68397809-5CD4-4CE5-9671-F6766360E862}.Release|x86.Build.0 = Release|Win32
	EndGlobalSection
	GlobalSection(SolutionProperties) = preSolution
		HideSolutionNode = FALSE
	EndGlobalSection
	GlobalSection(ExtensibilityGlobals) = postSolution
		SolutionGuid = {0C695118-9C89-4ECD-A226-9C2BC949B179}
	EndGlobalSection
EndGlobal
